# This file is generated by running "yarn install" inside your project.
# Manual changes might be lost - proceed with caution!

__metadata:
  version: 6
  cacheKey: 8

"@next/env@npm:12.2.0":
  version: 12.2.0
  resolution: "@next/env@npm:12.2.0"
  checksum: 5fb317bdb5eb2d5df12ff55e335368792dba21874c5ece3cabf8cd312cec911a1d54ecf368e69dc08640b0244669b8a98c86cd035c7874b17640602e67c1b9d9
  languageName: node
  linkType: hard

"@next/swc-android-arm-eabi@npm:12.2.0":
  version: 12.2.0
  resolution: "@next/swc-android-arm-eabi@npm:12.2.0"
  conditions: os=android & cpu=arm
  languageName: node
  linkType: hard

"@next/swc-android-arm64@npm:12.2.0":
  version: 12.2.0
  resolution: "@next/swc-android-arm64@npm:12.2.0"
  conditions: os=android & cpu=arm64
  languageName: node
  linkType: hard

"@next/swc-darwin-arm64@npm:12.2.0":
  version: 12.2.0
  resolution: "@next/swc-darwin-arm64@npm:12.2.0"
  conditions: os=darwin & cpu=arm64
  languageName: node
  linkType: hard

"@next/swc-darwin-x64@npm:12.2.0":
  version: 12.2.0
  resolution: "@next/swc-darwin-x64@npm:12.2.0"
  conditions: os=darwin & cpu=x64
  languageName: node
  linkType: hard

"@next/swc-freebsd-x64@npm:12.2.0":
  version: 12.2.0
  resolution: "@next/swc-freebsd-x64@npm:12.2.0"
  conditions: os=freebsd & cpu=x64
  languageName: node
  linkType: hard

"@next/swc-linux-arm-gnueabihf@npm:12.2.0":
  version: 12.2.0
  resolution: "@next/swc-linux-arm-gnueabihf@npm:12.2.0"
  conditions: os=linux & cpu=arm
  languageName: node
  linkType: hard

"@next/swc-linux-arm64-gnu@npm:12.2.0":
  version: 12.2.0
  resolution: "@next/swc-linux-arm64-gnu@npm:12.2.0"
  conditions: os=linux & cpu=arm64 & libc=glibc
  languageName: node
  linkType: hard

"@next/swc-linux-arm64-musl@npm:12.2.0":
  version: 12.2.0
  resolution: "@next/swc-linux-arm64-musl@npm:12.2.0"
  conditions: os=linux & cpu=arm64 & libc=musl
  languageName: node
  linkType: hard

"@next/swc-linux-x64-gnu@npm:12.2.0":
  version: 12.2.0
  resolution: "@next/swc-linux-x64-gnu@npm:12.2.0"
  conditions: os=linux & cpu=x64 & libc=glibc
  languageName: node
  linkType: hard

"@next/swc-linux-x64-musl@npm:12.2.0":
  version: 12.2.0
  resolution: "@next/swc-linux-x64-musl@npm:12.2.0"
  conditions: os=linux & cpu=x64 & libc=musl
  languageName: node
  linkType: hard

"@next/swc-win32-arm64-msvc@npm:12.2.0":
  version: 12.2.0
  resolution: "@next/swc-win32-arm64-msvc@npm:12.2.0"
  conditions: os=win32 & cpu=arm64
  languageName: node
  linkType: hard

"@next/swc-win32-ia32-msvc@npm:12.2.0":
  version: 12.2.0
  resolution: "@next/swc-win32-ia32-msvc@npm:12.2.0"
  conditions: os=win32 & cpu=ia32
  languageName: node
  linkType: hard

"@next/swc-win32-x64-msvc@npm:12.2.0":
  version: 12.2.0
  resolution: "@next/swc-win32-x64-msvc@npm:12.2.0"
  conditions: os=win32 & cpu=x64
  languageName: node
  linkType: hard

"@swc/helpers@npm:0.4.2":
  version: 0.4.2
  resolution: "@swc/helpers@npm:0.4.2"
  dependencies:
    tslib: ^2.4.0
  checksum: 0b8c86ad03b17b8fe57dc4498e25dc294ea6bc42558a6b92d8fcd789351dac80199409bef38a2e3ac06aae0fedddfc0ab9c34409acbf74e55d1bbbd74f68b6b7
  languageName: node
  linkType: hard

"@types/node@npm:^18.0.1":
  version: 18.0.1
  resolution: "@types/node@npm:18.0.1"
  checksum: be14b251c54cc2b4ca78ac6eadf2fe5e831e487f2e17848f21d576295945b538271dcc674d0bba582b3f8d95b84f6826e99b6ba4710c76f165a8bdd4d4f0618e
  languageName: node
  linkType: hard

"@types/prettier@npm:^2.6.3":
  version: 2.6.3
  resolution: "@types/prettier@npm:2.6.3"
  checksum: e1836699ca189fff6d2a73dc22e028b6a6f693ed1180d5998ac29fa197caf8f85aa92cb38db642e4a370e616b451cb5722ad2395dab11c78e025a1455f37d1f0
  languageName: node
  linkType: hard

"@types/prop-types@npm:*":
  version: 15.7.5
  resolution: "@types/prop-types@npm:15.7.5"
  checksum: 5b43b8b15415e1f298243165f1d44390403bb2bd42e662bca3b5b5633fdd39c938e91b7fce3a9483699db0f7a715d08cef220c121f723a634972fdf596aec980
  languageName: node
  linkType: hard

"@types/react-dom@npm:^18.0.6":
  version: 18.0.6
  resolution: "@types/react-dom@npm:18.0.6"
  dependencies:
    "@types/react": "*"
  checksum: db571047af1a567631758700b9f7d143e566df939cfe5fbf7535347cc0c726a1cdbb5e3f8566d076e54cf708b6c1166689de194a9ba09ee35efc9e1d45911685
  languageName: node
  linkType: hard

"@types/react@npm:*, @types/react@npm:^18.0.14":
  version: 18.0.14
  resolution: "@types/react@npm:18.0.14"
  dependencies:
    "@types/prop-types": "*"
    "@types/scheduler": "*"
    csstype: ^3.0.2
  checksum: 608eb57a383eedc54c79949673e5e8314f6b0c61542bff58721c8c47a18c23e2832e77c656050c2c2c004b62cf25582136c7c56fe1b6263a285c065fae31dbcf
  languageName: node
  linkType: hard

"@types/scheduler@npm:*":
  version: 0.16.2
  resolution: "@types/scheduler@npm:0.16.2"
  checksum: b6b4dcfeae6deba2e06a70941860fb1435730576d3689225a421280b7742318d1548b3d22c1f66ab68e414f346a9542f29240bc955b6332c5b11e561077583bc
  languageName: node
  linkType: hard

"caniuse-lite@npm:^1.0.30001332":
  version: 1.0.30001363
  resolution: "caniuse-lite@npm:1.0.30001363"
  checksum: 8dfcb2fa97724349cbbe61d988810bd90bfb40106a289ed6613188fa96dd1f5885c7e9924e46bb30a641bd1579ec34096fdc2b21b47d8500f8a2bfb0db069323
  languageName: node
  linkType: hard

"csstype@npm:^3.0.2":
  version: 3.1.0
  resolution: "csstype@npm:3.1.0"
  checksum: 644e986cefab86525f0b674a06889cfdbb1f117e5b7d1ce0fc55b0423ecc58807a1ea42ecc75c4f18999d14fc42d1d255f84662a45003a52bb5840e977eb2ffd
  languageName: node
  linkType: hard

"example@workspace:example":
  version: 0.0.0-use.local
  resolution: "example@workspace:example"
  dependencies:
    "@types/node": ^18.0.1
    "@types/react": ^18.0.14
    "@types/react-dom": ^18.0.6
    next: ^12.2.0
    react: ^18.2.0
    react-dom: ^18.2.0
    typescript: ^4.7.4
    use-headless: "workspace:^"
  languageName: unknown
  linkType: soft

"js-tokens@npm:^3.0.0 || ^4.0.0":
  version: 4.0.0
  resolution: "js-tokens@npm:4.0.0"
  checksum: 8a95213a5a77deb6cbe94d86340e8d9ace2b93bc367790b260101d2f36a2eaf4e4e22d9fa9cf459b38af3a32fb4190e638024cf82ec95ef708680e405ea7cc78
  languageName: node
  linkType: hard

"loose-envify@npm:^1.1.0":
  version: 1.4.0
  resolution: "loose-envify@npm:1.4.0"
  dependencies:
    js-tokens: ^3.0.0 || ^4.0.0
  bin:
    loose-envify: cli.js
  checksum: 6517e24e0cad87ec9888f500c5b5947032cdfe6ef65e1c1936a0c48a524b81e65542c9c3edc91c97d5bddc806ee2a985dbc79be89215d613b1de5db6d1cfe6f4
  languageName: node
  linkType: hard

"nanoid@npm:^3.1.30":
  version: 3.3.4
  resolution: "nanoid@npm:3.3.4"
  bin:
    nanoid: bin/nanoid.cjs
  checksum: 2fddd6dee994b7676f008d3ffa4ab16035a754f4bb586c61df5a22cf8c8c94017aadd360368f47d653829e0569a92b129979152ff97af23a558331e47e37cd9c
  languageName: node
  linkType: hard

"next@npm:^12.2.0":
  version: 12.2.0
  resolution: "next@npm:12.2.0"
  dependencies:
    "@next/env": 12.2.0
    "@next/swc-android-arm-eabi": 12.2.0
    "@next/swc-android-arm64": 12.2.0
    "@next/swc-darwin-arm64": 12.2.0
    "@next/swc-darwin-x64": 12.2.0
    "@next/swc-freebsd-x64": 12.2.0
    "@next/swc-linux-arm-gnueabihf": 12.2.0
    "@next/swc-linux-arm64-gnu": 12.2.0
    "@next/swc-linux-arm64-musl": 12.2.0
    "@next/swc-linux-x64-gnu": 12.2.0
    "@next/swc-linux-x64-musl": 12.2.0
    "@next/swc-win32-arm64-msvc": 12.2.0
    "@next/swc-win32-ia32-msvc": 12.2.0
    "@next/swc-win32-x64-msvc": 12.2.0
    "@swc/helpers": 0.4.2
    caniuse-lite: ^1.0.30001332
    postcss: 8.4.5
    styled-jsx: 5.0.2
    use-sync-external-store: 1.1.0
  peerDependencies:
    fibers: ">= 3.1.0"
    node-sass: ^6.0.0 || ^7.0.0
    react: ^17.0.2 || ^18.0.0-0
    react-dom: ^17.0.2 || ^18.0.0-0
    sass: ^1.3.0
  dependenciesMeta:
    "@next/swc-android-arm-eabi":
      optional: true
    "@next/swc-android-arm64":
      optional: true
    "@next/swc-darwin-arm64":
      optional: true
    "@next/swc-darwin-x64":
      optional: true
    "@next/swc-freebsd-x64":
      optional: true
    "@next/swc-linux-arm-gnueabihf":
      optional: true
    "@next/swc-linux-arm64-gnu":
      optional: true
    "@next/swc-linux-arm64-musl":
      optional: true
    "@next/swc-linux-x64-gnu":
      optional: true
    "@next/swc-linux-x64-musl":
      optional: true
    "@next/swc-win32-arm64-msvc":
      optional: true
    "@next/swc-win32-ia32-msvc":
      optional: true
    "@next/swc-win32-x64-msvc":
      optional: true
  peerDependenciesMeta:
    fibers:
      optional: true
    node-sass:
      optional: true
    sass:
      optional: true
  bin:
    next: dist/bin/next
  checksum: 38456c33935122ac1581367e4982034be23269039a8470a66443d710334336f8f3fb587f25d172d138d84cf18c01d3a76627fb610c2e2e57bd1692277c23fa2b
  languageName: node
  linkType: hard

"picocolors@npm:^1.0.0":
  version: 1.0.0
  resolution: "picocolors@npm:1.0.0"
  checksum: a2e8092dd86c8396bdba9f2b5481032848525b3dc295ce9b57896f931e63fc16f79805144321f72976383fc249584672a75cc18d6777c6b757603f372f745981
  languageName: node
  linkType: hard

"postcss@npm:8.4.5":
  version: 8.4.5
  resolution: "postcss@npm:8.4.5"
  dependencies:
    nanoid: ^3.1.30
    picocolors: ^1.0.0
    source-map-js: ^1.0.1
  checksum: b78abdd89c10f7b48f4bdcd376104a19d6e9c7495ab521729bdb3df315af6c211360e9f06887ad3bc0ab0f61a04b91d68ea11462997c79cced58b9ccd66fac07
  languageName: node
  linkType: hard

"prettier@npm:^2.7.1":
  version: 2.7.1
  resolution: "prettier@npm:2.7.1"
  bin:
    prettier: bin-prettier.js
  checksum: 55a4409182260866ab31284d929b3cb961e5fdb91fe0d2e099dac92eaecec890f36e524b4c19e6ceae839c99c6d7195817579cdffc8e2c80da0cb794463a748b
  languageName: node
  linkType: hard

"react-dom@npm:^18.2.0":
  version: 18.2.0
  resolution: "react-dom@npm:18.2.0"
  dependencies:
    loose-envify: ^1.1.0
    scheduler: ^0.23.0
  peerDependencies:
    react: ^18.2.0
  checksum: 7d323310bea3a91be2965f9468d552f201b1c27891e45ddc2d6b8f717680c95a75ae0bc1e3f5cf41472446a2589a75aed4483aee8169287909fcd59ad149e8cc
  languageName: node
  linkType: hard

"react@npm:^18.2.0":
  version: 18.2.0
  resolution: "react@npm:18.2.0"
  dependencies:
    loose-envify: ^1.1.0
  checksum: 88e38092da8839b830cda6feef2e8505dec8ace60579e46aa5490fc3dc9bba0bd50336507dc166f43e3afc1c42939c09fe33b25fae889d6f402721dcd78fca1b
  languageName: node
  linkType: hard

"scheduler@npm:^0.23.0":
  version: 0.23.0
  resolution: "scheduler@npm:0.23.0"
  dependencies:
    loose-envify: ^1.1.0
  checksum: d79192eeaa12abef860c195ea45d37cbf2bbf5f66e3c4dcd16f54a7da53b17788a70d109ee3d3dde1a0fd50e6a8fc171f4300356c5aee4fc0171de526bf35f8a
  languageName: node
  linkType: hard

"source-map-js@npm:^1.0.1":
  version: 1.0.2
  resolution: "source-map-js@npm:1.0.2"
  checksum: c049a7fc4deb9a7e9b481ae3d424cc793cb4845daa690bc5a05d428bf41bf231ced49b4cf0c9e77f9d42fdb3d20d6187619fc586605f5eabe995a316da8d377c
  languageName: node
  linkType: hard

"styled-jsx@npm:5.0.2":
  version: 5.0.2
  resolution: "styled-jsx@npm:5.0.2"
  peerDependencies:
    react: ">= 16.8.0 || 17.x.x || ^18.0.0-0"
  peerDependenciesMeta:
    "@babel/core":
      optional: true
    babel-plugin-macros:
      optional: true
  checksum: 86d55819ebeabd283a574d2f44f7d3f8fa6b8c28fa41687ece161bf1e910e04965611618921d8f5cd33dc6dae1033b926a70421ae5ea045440a9861edc3e0d87
  languageName: node
  linkType: hard

"tslib@npm:^2.4.0":
  version: 2.4.0
  resolution: "tslib@npm:2.4.0"
  checksum: 8c4aa6a3c5a754bf76aefc38026134180c053b7bd2f81338cb5e5ebf96fefa0f417bff221592bf801077f5bf990562f6264fecbc42cd3309b33872cb6fc3b113
  languageName: node
  linkType: hard

"typescript@npm:^4.7.4":
  version: 4.7.4
  resolution: "typescript@npm:4.7.4"
  bin:
    tsc: bin/tsc
    tsserver: bin/tsserver
  checksum: 5750181b1cd7e6482c4195825547e70f944114fb47e58e4aa7553e62f11b3f3173766aef9c281783edfd881f7b8299cf35e3ca8caebe73d8464528c907a164df
  languageName: node
  linkType: hard

"typescript@patch:typescript@^4.7.4#~builtin<compat/typescript>":
  version: 4.7.4
  resolution: "typescript@patch:typescript@npm%3A4.7.4#~builtin<compat/typescript>::version=4.7.4&hash=7ad353"
  bin:
    tsc: bin/tsc
    tsserver: bin/tsserver
  checksum: 9096d8f6c16cb80ef3bf96fcbbd055bf1c4a43bd14f3b7be45a9fbe7ada46ec977f604d5feed3263b4f2aa7d4c7477ce5f9cd87de0d6feedec69a983f3a4f93e
  languageName: node
  linkType: hard

"use-headless-root@workspace:.":
  version: 0.0.0-use.local
  resolution: "use-headless-root@workspace:."
  dependencies:
    "@types/prettier": ^2.6.3
    prettier: ^2.7.1
    typescript: ^4.7.4
  languageName: unknown
  linkType: soft

"use-headless@workspace:^, use-headless@workspace:lib":
  version: 0.0.0-use.local
  resolution: "use-headless@workspace:lib"
  dependencies:
    typescript: ^4.7.4
  languageName: unknown
  linkType: soft

"use-sync-external-store@npm:1.1.0":
  version: 1.1.0
  resolution: "use-sync-external-store@npm:1.1.0"
  peerDependencies:
    react: ^16.8.0 || ^17.0.0 || ^18.0.0
  checksum: 8993a0b642f91d7fcdbb02b7b3ac984bd3af4769686f38291fe7fcfe73dfb73d6c64d20dfb7e5e7fbf5a6da8f5392d6f8e5b00c243a04975595946e82c02b883
  languageName: node
  linkType: hard
